
Microsoft Visual Studio Solution File, Format Version 12.00
# Visual Studio Version 17
VisualStudioVersion = 17.4.33122.133
MinimumVisualStudioVersion = 10.0.40219.1
Project("{FAE04EC0-301F-11D3-BF4B-00C04F79EFBC}") = "Giaodienbanhang", "Giaodienbanhang.csproj", "{BB10DF84-A71B-47DB-9DBA-167D9292AA94}"
EndProject
Global
	GlobalSection(SolutionConfigurationPlatforms) = preSolution
		Debug|Any CPU = Debug|Any CPU
		Release|Any CPU = Release|Any CPU
	EndGlobalSection
	GlobalSection(ProjectConfigurationPlatforms) = postSolution
		{BB10DF84-A71B-47DB-9DBA-167D9292AA94}.Debug|Any CPU.ActiveCfg = Debug|Any CPU
		{BB10DF84-A71B-47DB-9DBA-167D9292AA94}.Debug|Any CPU.Build.0 = Debug|Any CPU
		{BB10DF84-A71B-47DB-9DBA-167D9292AA94}.Release|Any CPU.ActiveCfg = Release|Any CPU
		{BB10DF84-A71B-47DB-9DBA-167D9292AA94}.Release|Any CPU.Build.0 = Release|Any CPU
	EndGlobalSection
	GlobalSection(SolutionProperties) = preSolution
		HideSolutionNode = FALSE
	EndGlobalSection
	GlobalSection(ExtensibilityGlobals) = postSolution
		SolutionGuid = {A82A0D74-A85A-442D-8180-45D38B173F92}
	EndGlobalSection
EndGlobal
